
Microsoft Visual Studio Solution File, Format Version 12.00
# Visual Studio Version 17
VisualStudioVersion = 17.4.33110.190
MinimumVisualStudioVersion = 10.0.40219.1
Project("{FAE04EC0-301F-11D3-BF4B-00C04F79EFBC}") = "Text Recogniser", "Text Recogniser\Text Recogniser.csproj", "{B83984DC-6FB4-4CAB-9B32-8DF3E61EE6E1}"
EndProject
Global
	GlobalSection(SolutionConfigurationPlatforms) = preSolution
		Debug|Any CPU = Debug|Any CPU
		Release|Any CPU = Release|Any CPU
	EndGlobalSection
	GlobalSection(ProjectConfigurationPlatforms) = postSolution
		{B83984DC-6FB4-4CAB-9B32-8DF3E61EE6E1}.Debug|Any CPU.ActiveCfg = Debug|Any CPU
		{B83984DC-6FB4-4CAB-9B32-8DF3E61EE6E1}.Debug|Any CPU.Build.0 = Debug|Any CPU
		{B83984DC-6FB4-4CAB-9B32-8DF3E61EE6E1}.Release|Any CPU.ActiveCfg = Release|Any CPU
		{B83984DC-6FB4-4CAB-9B32-8DF3E61EE6E1}.Release|Any CPU.Build.0 = Release|Any CPU
	EndGlobalSection
	GlobalSection(SolutionProperties) = preSolution
		HideSolutionNode = FALSE
	EndGlobalSection
	GlobalSection(ExtensibilityGlobals) = postSolution
		SolutionGuid = {1F454C11-4743-4D3B-8A38-C580BE0FCA23}
	EndGlobalSection
EndGlobal
